lockfileVersion: '9.0'

settings:
  autoInstallPeers: true
  excludeLinksFromLockfile: false

importers:

  .:
    dependencies:
      bun:
        specifier: runtime:1.3.10
        version: runtime:1.3.10
      node:
        specifier: runtime:24.14.0
        version: runtime:24.14.0

packages:

  bun@runtime:1.3.10:
    resolution:
      type: variations
      variants:
        - resolution:
            archive: zip
            bin: bun
            integrity: sha256-ggNOh8nZtDmOphmu4u7V0qaMgVfppq4tEFLYTVM8zY0=
            prefix: bun-darwin-aarch64
            type: binary
            url: https://github.com/oven-sh/bun/releases/download/bun-v1.3.10/bun-darwin-aarch64.zip
          targets:
            - cpu: arm64
              os: darwin
        - resolution:
            archive: zip
            bin: bun
            integrity: sha256-wdkL9hQPIOVyxHMGXcazeksDY0m16eQTN3nMZCrZQyM=
            prefix: bun-darwin-x64
            type: binary
            url: https://github.com/oven-sh/bun/releases/download/bun-v1.3.10/bun-darwin-x64.zip
          targets:
            - cpu: x64
              os: darwin
        - resolution:
            archive: zip
            bin: bun
            integrity: sha256-0sgTZaLlKbeKQjMNOgBW6NvXiWtKZ4LI45K2UyFB400=
            prefix: bun-linux-aarch64-musl
            type: binary
            url: https://github.com/oven-sh/bun/releases/download/bun-v1.3.10/bun-linux-aarch64-musl.zip
          targets:
            - cpu: arm64
              os: linux
              libc: musl
        - resolution:
            archive: zip
            bin: bun
            integrity: sha256-+l7LJcr6jo9ch6D4M3GdRt0K8KhseDfYBlMSEtVWNtM=
            prefix: bun-linux-aarch64
            type: binary
            url: https://github.com/oven-sh/bun/releases/download/bun-v1.3.10/bun-linux-aarch64.zip
          targets:
            - cpu: arm64
              os: linux
        - resolution:
            archive: zip
            bin: bun
            integrity: sha256-SKbDInfTQ9sBSM4GYzZHL/04A1ik0muxMpcUdCSS2CQ=
            prefix: bun-linux-x64-musl
            type: binary
            url: https://github.com/oven-sh/bun/releases/download/bun-v1.3.10/bun-linux-x64-musl.zip
          targets:
            - cpu: x64
              os: linux
              libc: musl
        - resolution:
            archive: zip
            bin: bun
            integrity: sha256-9XvAGH45Yj3nFro6OJ/aVIay175xMamAulTce3M9Lgg=
            prefix: bun-linux-x64
            type: binary
            url: https://github.com/oven-sh/bun/releases/download/bun-v1.3.10/bun-linux-x64.zip
          targets:
            - cpu: x64
              os: linux
        - resolution:
            archive: zip
            bin: bun.exe
            integrity: sha256-aCLzqnvSvkD7lMGUoRharhxvreVMpPwu/cci438yV9I=
            prefix: bun-windows-aarch64
            type: binary
            url: https://github.com/oven-sh/bun/releases/download/bun-v1.3.10/bun-windows-aarch64.zip
          targets:
            - cpu: arm64
              os: win32
        - resolution:
            archive: zip
            bin: bun.exe
            integrity: sha256-enez4kXi4mllyTCJpKEzLooybTNkyJ+uHR/ZnN081z0=
            prefix: bun-windows-x64
            type: binary
            url: https://github.com/oven-sh/bun/releases/download/bun-v1.3.10/bun-windows-x64.zip
          targets:
            - cpu: x64
              os: win32
    version: 1.3.10
    hasBin: true

  node@runtime:24.14.0:
    resolution:
      type: variations
      variants:
        - resolution:
            archive: tarball
            bin: bin/node
            integrity: sha256-J6xI+Ux+iPSwxdkHfw/sECViicfcoh4Nn4LLqtE9bj0=
            type: binary
            url: https://nodejs.org/download/release/v24.14.0/node-v24.14.0-aix-ppc64.tar.gz
          targets:
            - cpu: ppc64
              os: aix
        - resolution:
            archive: tarball
            bin: bin/node
            integrity: sha256-oaVPRqdQ0lI9Yo2SSqthdYpRydrT4COL6xQUG+lhXdM=
            type: binary
            url: https://nodejs.org/download/release/v24.14.0/node-v24.14.0-darwin-arm64.tar.gz
          targets:
            - cpu: arm64
              os: darwin
        - resolution:
            archive: tarball
            bin: bin/node
            integrity: sha256-8oeeuBDiWZOgV45dh4kwJm/S6vz/6fKDmz2Ns1TUh54=
            type: binary
            url: https://nodejs.org/download/release/v24.14.0/node-v24.14.0-darwin-x64.tar.gz
          targets:
            - cpu: x64
              os: darwin
        - resolution:
            archive: tarball
            bin: bin/node
            integrity: sha256-9EdAzSGN6BJ/HETEFRCjp0D6XJyNHNzhw77a2nnzzec=
            type: binary
            url: https://nodejs.org/download/release/v24.14.0/node-v24.14.0-linux-arm64.tar.gz
          targets:
            - cpu: arm64
              os: linux
        - resolution:
            archive: tarball
            bin: bin/node
            integrity: sha256-g7Jj+cLqlGwMShXDyupkcNxJ/gvrbzPf0pqpEoJQY3o=
            type: binary
            url: https://nodejs.org/download/release/v24.14.0/node-v24.14.0-linux-ppc64le.tar.gz
          targets:
            - cpu: ppc64le
              os: linux
        - resolution:
            archive: tarball
            bin: bin/node
            integrity: sha256-j6Igofe3dpYFwukp/b9zaCKZe/TPiKPbBRiOq9dxIyg=
            type: binary
            url: https://nodejs.org/download/release/v24.14.0/node-v24.14.0-linux-s390x.tar.gz
          targets:
            - cpu: s390x
              os: linux
        - resolution:
            archive: tarball
            bin: bin/node
            integrity: sha256-2/W4Zl3sFeWeY1mlF/77R7I/25FS2N75dbm8o9/G01U=
            type: binary
            url: https://nodejs.org/download/release/v24.14.0/node-v24.14.0-linux-x64.tar.gz
          targets:
            - cpu: x64
              os: linux
        - resolution:
            archive: zip
            bin: node.exe
            integrity: sha256-iNNugQlzai+pvcWW8s9QejxSxpzfluVPis1HPsFL6FM=
            prefix: node-v24.14.0-win-arm64
            type: binary
            url: https://nodejs.org/download/release/v24.14.0/node-v24.14.0-win-arm64.zip
          targets:
            - cpu: arm64
              os: win32
        - resolution:
            archive: zip
            bin: node.exe
            integrity: sha256-MT+kDA17GFdYId6MsXSDAx/gfZXeWZT29DXzs0X4XGY=
            prefix: node-v24.14.0-win-x64
            type: binary
            url: https://nodejs.org/download/release/v24.14.0/node-v24.14.0-win-x64.zip
          targets:
            - cpu: x64
              os: win32
    version: 24.14.0
    hasBin: true

snapshots:

  bun@runtime:1.3.10: {}

  node@runtime:24.14.0: {}
